
Microsoft Visual Studio Solution File, Format Version 12.00
# Visual Studio Version 16
VisualStudioVersion = 16.0.29009.5
MinimumVisualStudioVersion = 10.0.40219.1
Project("{FAE04EC0-301F-11D3-BF4B-00C04F79EFBC}") = "WFA_SinemaOtomasyonu", "WFA_SinemaOtomasyonu\WFA_SinemaOtomasyonu.csproj", "{55C509D3-99FA-4F09-8BCF-CC03C43EC027}"
EndProject
Global
	GlobalSection(SolutionConfigurationPlatforms) = preSolution
		Debug|Any CPU = Debug|Any CPU
		Release|Any CPU = Release|Any CPU
	EndGlobalSection
	GlobalSection(ProjectConfigurationPlatforms) = postSolution
		{55C509D3-99FA-4F09-8BCF-CC03C43EC027}.Debug|Any CPU.ActiveCfg = Debug|Any CPU
		{55C509D3-99FA-4F09-8BCF-CC03C43EC027}.Debug|Any CPU.Build.0 = Debug|Any CPU
		{55C509D3-99FA-4F09-8BCF-CC03C43EC027}.Release|Any CPU.ActiveCfg = Release|Any CPU
		{55C509D3-99FA-4F09-8BCF-CC03C43EC027}.Release|Any CPU.Build.0 = Release|Any CPU
	EndGlobalSection
	GlobalSection(SolutionProperties) = preSolution
		HideSolutionNode = FALSE
	EndGlobalSection
	GlobalSection(ExtensibilityGlobals) = postSolution
		SolutionGuid = {FBF03DA4-D873-4588-94EC-291A285804D2}
	EndGlobalSection
EndGlobal
